# THIS IS AN AUTOGENERATED FILE. DO NOT EDIT THIS FILE DIRECTLY.
# yarn lockfile v1


bindings@~1.2.1:
  version "1.2.1"
  resolved "http://registry.npm.taobao.org/bindings/download/bindings-1.2.1.tgz#14ad6113812d2d37d72e67b4cacb4bb726505f11"

nan@^2.0.0:
  version "2.9.2"
  resolved "http://registry.npm.taobao.org/nan/download/nan-2.9.2.tgz#f564d75f5f8f36a6d9456cca7a6c4fe488ab7866"
